
Microsoft Visual Studio Solution File, Format Version 12.00
# Visual Studio 15
VisualStudioVersion = 15.0.28307.271
MinimumVisualStudioVersion = 10.0.40219.1
Project("{8BC9CEB8-8B4A-11D0-8D11-00A0C91BC942}") = "WordleSover", "WordleSover\WordleSover.vcxproj", "{30468D49-D2AD-4EE2-A853-89463E7A14DA}"
EndProject
Global
	GlobalSection(SolutionConfigurationPlatforms) = preSolution
		Debug|x64 = Debug|x64
		Debug|x86 = Debug|x86
		Release|x64 = Release|x64
		Release|x86 = Release|x86
	EndGlobalSection
	GlobalSection(ProjectConfigurationPlatforms) = postSolution
		{30468D49-D2AD-4EE2-A853-89463E7A14DA}.Debug|x64.ActiveCfg = Debug|x64
		{30468D49-D2AD-4EE2-A853-89463E7A14DA}.Debug|x64.Build.0 = Debug|x64
		{30468D49-D2AD-4EE2-A853-89463E7A14DA}.Debug|x86.ActiveCfg = Debug|Win32
		{30468D49-D2AD-4EE2-A853-89463E7A14DA}.Debug|x86.Build.0 = Debug|Win32
		{30468D49-D2AD-4EE2-A853-89463E7A14DA}.Release|x64.ActiveCfg = Release|x64
		{30468D49-D2AD-4EE2-A853-89463E7A14DA}.Release|x64.Build.0 = Release|x64
		{30468D49-D2AD-4EE2-A853-89463E7A14DA}.Release|x86.ActiveCfg = Release|Win32
		{30468D49-D2AD-4EE2-A853-89463E7A14DA}.Release|x86.Build.0 = Release|Win32
	EndGlobalSection
	GlobalSection(SolutionProperties) = preSolution
		HideSolutionNode = FALSE
	EndGlobalSection
	GlobalSection(ExtensibilityGlobals) = postSolution
		SolutionGuid = {0BD853A1-009A-4C78-BB02-8A835ED662A1}
	EndGlobalSection
EndGlobal
